
Microsoft Visual Studio Solution File, Format Version 12.00
# Visual Studio Version 17
VisualStudioVersion = 17.1.32414.318
MinimumVisualStudioVersion = 10.0.40219.1
Project("{9A19103F-16F7-4668-BE54-9A1E7A4F7556}") = "EveMailHelper", "EveMailHelper\EveMailHelper.csproj", "{B9BBCCF6-275C-41C8-A354-F1F24003D836}"
EndProject
Project("{9A19103F-16F7-4668-BE54-9A1E7A4F7556}") = "EveMailHelper.DataAccessLayer", "EveMailHelper.DataAccessLayer\EveMailHelper.DataAccessLayer.csproj", "{4E6DC236-B1C5-4BB4-9F68-4392553CC775}"
EndProject
Project("{9A19103F-16F7-4668-BE54-9A1E7A4F7556}") = "EveMailHelper.Test", "EveMailHelper.Test\EveMailHelper.Test.csproj", "{154BB47F-8245-4339-933C-A8F2A792218E}"
EndProject
Project("{9A19103F-16F7-4668-BE54-9A1E7A4F7556}") = "EveMailHelper.BusinessLibrary", "EveMailHelper.BusinessLibrary\EveMailHelper.BusinessLibrary.csproj", "{86D2FF5E-54D4-49D8-AD7D-BD6BAEAA5556}"
EndProject
Project("{2150E333-8FDC-42A3-9474-1A3956D46DE8}") = "Solution Items", "Solution Items", "{E0603A3B-EF82-4179-ADD2-BD142B07CD2F}"
	ProjectSection(SolutionItems) = preProject
		LICENSE = LICENSE
		README.md = README.md
	EndProjectSection
EndProject
Global
	GlobalSection(SolutionConfigurationPlatforms) = preSolution
		Debug|Any CPU = Debug|Any CPU
		Release|Any CPU = Release|Any CPU
	EndGlobalSection
	GlobalSection(ProjectConfigurationPlatforms) = postSolution
		{B9BBCCF6-275C-41C8-A354-F1F24003D836}.Debug|Any CPU.ActiveCfg = Debug|Any CPU
		{B9BBCCF6-275C-41C8-A354-F1F24003D836}.Debug|Any CPU.Build.0 = Debug|Any CPU
		{B9BBCCF6-275C-41C8-A354-F1F24003D836}.Release|Any CPU.ActiveCfg = Release|Any CPU
		{B9BBCCF6-275C-41C8-A354-F1F24003D836}.Release|Any CPU.Build.0 = Release|Any CPU
		{4E6DC236-B1C5-4BB4-9F68-4392553CC775}.Debug|Any CPU.ActiveCfg = Debug|Any CPU
		{4E6DC236-B1C5-4BB4-9F68-4392553CC775}.Debug|Any CPU.Build.0 = Debug|Any CPU
		{4E6DC236-B1C5-4BB4-9F68-4392553CC775}.Release|Any CPU.ActiveCfg = Release|Any CPU
		{4E6DC236-B1C5-4BB4-9F68-4392553CC775}.Release|Any CPU.Build.0 = Release|Any CPU
		{154BB47F-8245-4339-933C-A8F2A792218E}.Debug|Any CPU.ActiveCfg = Debug|Any CPU
		{154BB47F-8245-4339-933C-A8F2A792218E}.Debug|Any CPU.Build.0 = Debug|Any CPU
		{154BB47F-8245-4339-933C-A8F2A792218E}.Release|Any CPU.ActiveCfg = Release|Any CPU
		{154BB47F-8245-4339-933C-A8F2A792218E}.Release|Any CPU.Build.0 = Release|Any CPU
		{86D2FF5E-54D4-49D8-AD7D-BD6BAEAA5556}.Debug|Any CPU.ActiveCfg = Debug|Any CPU
		{86D2FF5E-54D4-49D8-AD7D-BD6BAEAA5556}.Debug|Any CPU.Build.0 = Debug|Any CPU
		{86D2FF5E-54D4-49D8-AD7D-BD6BAEAA5556}.Release|Any CPU.ActiveCfg = Release|Any CPU
		{86D2FF5E-54D4-49D8-AD7D-BD6BAEAA5556}.Release|Any CPU.Build.0 = Release|Any CPU
	EndGlobalSection
	GlobalSection(SolutionProperties) = preSolution
		HideSolutionNode = FALSE
	EndGlobalSection
	GlobalSection(ExtensibilityGlobals) = postSolution
		SolutionGuid = {06F2F98A-80AB-47E6-BD64-4565055006A0}
	EndGlobalSection
EndGlobal
