
Microsoft Visual Studio Solution File, Format Version 12.00
# Visual Studio Version 17
VisualStudioVersion = 17.1.32414.318
MinimumVisualStudioVersion = 10.0.40219.1
Project("{9A19103F-16F7-4668-BE54-9A1E7A4F7556}") = "EveMailHelper.Web", "EveMailHelper\EveMailHelper.Web.csproj", "{B9BBCCF6-275C-41C8-A354-F1F24003D836}"
	ProjectSection(ProjectDependencies) = postProject
		{B9F57046-E9CF-4F9C-A76C-61DD309500EF} = {B9F57046-E9CF-4F9C-A76C-61DD309500EF}
	EndProjectSection
EndProject
Project("{9A19103F-16F7-4668-BE54-9A1E7A4F7556}") = "EveMailHelper.DataAccessLayer", "EveMailHelper.DataAccessLayer\EveMailHelper.DataAccessLayer.csproj", "{4E6DC236-B1C5-4BB4-9F68-4392553CC775}"
	ProjectSection(ProjectDependencies) = postProject
		{2E232CAB-AF02-488B-BDA4-E40663C0D3A3} = {2E232CAB-AF02-488B-BDA4-E40663C0D3A3}
	EndProjectSection
EndProject
Project("{9A19103F-16F7-4668-BE54-9A1E7A4F7556}") = "EveMailHelper.Test", "EveMailHelper.Test\EveMailHelper.Test.csproj", "{154BB47F-8245-4339-933C-A8F2A792218E}"
	ProjectSection(ProjectDependencies) = postProject
		{4E6DC236-B1C5-4BB4-9F68-4392553CC775} = {4E6DC236-B1C5-4BB4-9F68-4392553CC775}
		{86D2FF5E-54D4-49D8-AD7D-BD6BAEAA5556} = {86D2FF5E-54D4-49D8-AD7D-BD6BAEAA5556}
	EndProjectSection
EndProject
Project("{9A19103F-16F7-4668-BE54-9A1E7A4F7556}") = "EveMailHelper.BusinessLibrary", "EveMailHelper.BusinessLibrary\EveMailHelper.BusinessLibrary.csproj", "{86D2FF5E-54D4-49D8-AD7D-BD6BAEAA5556}"
	ProjectSection(ProjectDependencies) = postProject
		{9A27ECE7-C60F-4717-A630-796E2596512A} = {9A27ECE7-C60F-4717-A630-796E2596512A}
	EndProjectSection
EndProject
Project("{2150E333-8FDC-42A3-9474-1A3956D46DE8}") = "Solution Items", "Solution Items", "{E0603A3B-EF82-4179-ADD2-BD142B07CD2F}"
	ProjectSection(SolutionItems) = preProject
		LICENSE = LICENSE
		README.md = README.md
	EndProjectSection
EndProject
Project("{9A19103F-16F7-4668-BE54-9A1E7A4F7556}") = "EveMailHelper.ChatLogParser", "EveMailHelper.ChatLogParser\EveMailHelper.ChatLogParser.csproj", "{9A27ECE7-C60F-4717-A630-796E2596512A}"
EndProject
Project("{9A19103F-16F7-4668-BE54-9A1E7A4F7556}") = "EveMailHelper.DataModels", "EveMailHelper.DataModels\EveMailHelper.DataModels.csproj", "{2E232CAB-AF02-488B-BDA4-E40663C0D3A3}"
EndProject
Project("{9A19103F-16F7-4668-BE54-9A1E7A4F7556}") = "EveMailHelper.BusinessDataAccess", "EveMailHelper.BusinessDataAccess\EveMailHelper.BusinessDataAccess.csproj", "{5E6B4CE8-4940-414D-B252-019011C4E847}"
	ProjectSection(ProjectDependencies) = postProject
		{2E232CAB-AF02-488B-BDA4-E40663C0D3A3} = {2E232CAB-AF02-488B-BDA4-E40663C0D3A3}
		{4E6DC236-B1C5-4BB4-9F68-4392553CC775} = {4E6DC236-B1C5-4BB4-9F68-4392553CC775}
	EndProjectSection
EndProject
Project("{9A19103F-16F7-4668-BE54-9A1E7A4F7556}") = "EveMailHelper.ServiceLayer", "EveMailHelper.ServiceLayer\EveMailHelper.ServiceLayer.csproj", "{9B11B967-6F75-4C38-B71F-3B5AE5E1D2A0}"
	ProjectSection(ProjectDependencies) = postProject
		{2E232CAB-AF02-488B-BDA4-E40663C0D3A3} = {2E232CAB-AF02-488B-BDA4-E40663C0D3A3}
		{4E6DC236-B1C5-4BB4-9F68-4392553CC775} = {4E6DC236-B1C5-4BB4-9F68-4392553CC775}
		{5E6B4CE8-4940-414D-B252-019011C4E847} = {5E6B4CE8-4940-414D-B252-019011C4E847}
		{86D2FF5E-54D4-49D8-AD7D-BD6BAEAA5556} = {86D2FF5E-54D4-49D8-AD7D-BD6BAEAA5556}
		{B9F57046-E9CF-4F9C-A76C-61DD309500EF} = {B9F57046-E9CF-4F9C-A76C-61DD309500EF}
	EndProjectSection
EndProject
Project("{9A19103F-16F7-4668-BE54-9A1E7A4F7556}") = "EVEStandard", "EVEStandard\EVEStandard\EVEStandard.csproj", "{B9F57046-E9CF-4F9C-A76C-61DD309500EF}"
EndProject
Global
	GlobalSection(SolutionConfigurationPlatforms) = preSolution
		Debug|Any CPU = Debug|Any CPU
		Release|Any CPU = Release|Any CPU
	EndGlobalSection
	GlobalSection(ProjectConfigurationPlatforms) = postSolution
		{B9BBCCF6-275C-41C8-A354-F1F24003D836}.Debug|Any CPU.ActiveCfg = Debug|Any CPU
		{B9BBCCF6-275C-41C8-A354-F1F24003D836}.Debug|Any CPU.Build.0 = Debug|Any CPU
		{B9BBCCF6-275C-41C8-A354-F1F24003D836}.Release|Any CPU.ActiveCfg = Release|Any CPU
		{B9BBCCF6-275C-41C8-A354-F1F24003D836}.Release|Any CPU.Build.0 = Release|Any CPU
		{4E6DC236-B1C5-4BB4-9F68-4392553CC775}.Debug|Any CPU.ActiveCfg = Debug|Any CPU
		{4E6DC236-B1C5-4BB4-9F68-4392553CC775}.Debug|Any CPU.Build.0 = Debug|Any CPU
		{4E6DC236-B1C5-4BB4-9F68-4392553CC775}.Release|Any CPU.ActiveCfg = Release|Any CPU
		{4E6DC236-B1C5-4BB4-9F68-4392553CC775}.Release|Any CPU.Build.0 = Release|Any CPU
		{154BB47F-8245-4339-933C-A8F2A792218E}.Debug|Any CPU.ActiveCfg = Debug|Any CPU
		{154BB47F-8245-4339-933C-A8F2A792218E}.Debug|Any CPU.Build.0 = Debug|Any CPU
		{154BB47F-8245-4339-933C-A8F2A792218E}.Release|Any CPU.ActiveCfg = Release|Any CPU
		{154BB47F-8245-4339-933C-A8F2A792218E}.Release|Any CPU.Build.0 = Release|Any CPU
		{86D2FF5E-54D4-49D8-AD7D-BD6BAEAA5556}.Debug|Any CPU.ActiveCfg = Debug|Any CPU
		{86D2FF5E-54D4-49D8-AD7D-BD6BAEAA5556}.Debug|Any CPU.Build.0 = Debug|Any CPU
		{86D2FF5E-54D4-49D8-AD7D-BD6BAEAA5556}.Release|Any CPU.ActiveCfg = Release|Any CPU
		{86D2FF5E-54D4-49D8-AD7D-BD6BAEAA5556}.Release|Any CPU.Build.0 = Release|Any CPU
		{9A27ECE7-C60F-4717-A630-796E2596512A}.Debug|Any CPU.ActiveCfg = Debug|Any CPU
		{9A27ECE7-C60F-4717-A630-796E2596512A}.Debug|Any CPU.Build.0 = Debug|Any CPU
		{9A27ECE7-C60F-4717-A630-796E2596512A}.Release|Any CPU.ActiveCfg = Release|Any CPU
		{9A27ECE7-C60F-4717-A630-796E2596512A}.Release|Any CPU.Build.0 = Release|Any CPU
		{2E232CAB-AF02-488B-BDA4-E40663C0D3A3}.Debug|Any CPU.ActiveCfg = Debug|Any CPU
		{2E232CAB-AF02-488B-BDA4-E40663C0D3A3}.Debug|Any CPU.Build.0 = Debug|Any CPU
		{2E232CAB-AF02-488B-BDA4-E40663C0D3A3}.Release|Any CPU.ActiveCfg = Release|Any CPU
		{2E232CAB-AF02-488B-BDA4-E40663C0D3A3}.Release|Any CPU.Build.0 = Release|Any CPU
		{5E6B4CE8-4940-414D-B252-019011C4E847}.Debug|Any CPU.ActiveCfg = Debug|Any CPU
		{5E6B4CE8-4940-414D-B252-019011C4E847}.Debug|Any CPU.Build.0 = Debug|Any CPU
		{5E6B4CE8-4940-414D-B252-019011C4E847}.Release|Any CPU.ActiveCfg = Release|Any CPU
		{5E6B4CE8-4940-414D-B252-019011C4E847}.Release|Any CPU.Build.0 = Release|Any CPU
		{9B11B967-6F75-4C38-B71F-3B5AE5E1D2A0}.Debug|Any CPU.ActiveCfg = Debug|Any CPU
		{9B11B967-6F75-4C38-B71F-3B5AE5E1D2A0}.Debug|Any CPU.Build.0 = Debug|Any CPU
		{9B11B967-6F75-4C38-B71F-3B5AE5E1D2A0}.Release|Any CPU.ActiveCfg = Release|Any CPU
		{9B11B967-6F75-4C38-B71F-3B5AE5E1D2A0}.Release|Any CPU.Build.0 = Release|Any CPU
		{B9F57046-E9CF-4F9C-A76C-61DD309500EF}.Debug|Any CPU.ActiveCfg = Debug|Any CPU
		{B9F57046-E9CF-4F9C-A76C-61DD309500EF}.Debug|Any CPU.Build.0 = Debug|Any CPU
		{B9F57046-E9CF-4F9C-A76C-61DD309500EF}.Release|Any CPU.ActiveCfg = Release|Any CPU
		{B9F57046-E9CF-4F9C-A76C-61DD309500EF}.Release|Any CPU.Build.0 = Release|Any CPU
	EndGlobalSection
	GlobalSection(SolutionProperties) = preSolution
		HideSolutionNode = FALSE
	EndGlobalSection
	GlobalSection(ExtensibilityGlobals) = postSolution
		SolutionGuid = {06F2F98A-80AB-47E6-BD64-4565055006A0}
	EndGlobalSection
EndGlobal
