
Microsoft Visual Studio Solution File, Format Version 12.00
# Visual Studio Version 17
VisualStudioVersion = 17.0.31717.71
MinimumVisualStudioVersion = 10.0.40219.1
Project("{9A19103F-16F7-4668-BE54-9A1E7A4F7556}") = "EveMailHelper", "EveMailHelper.csproj", "{C353A6E2-26E0-4BAC-9D04-5D2AC5CA87F9}"
EndProject
Global
	GlobalSection(SolutionConfigurationPlatforms) = preSolution
		Debug|Any CPU = Debug|Any CPU
		Release|Any CPU = Release|Any CPU
	EndGlobalSection
	GlobalSection(ProjectConfigurationPlatforms) = postSolution
		{C353A6E2-26E0-4BAC-9D04-5D2AC5CA87F9}.Debug|Any CPU.ActiveCfg = Debug|Any CPU
		{C353A6E2-26E0-4BAC-9D04-5D2AC5CA87F9}.Debug|Any CPU.Build.0 = Debug|Any CPU
		{C353A6E2-26E0-4BAC-9D04-5D2AC5CA87F9}.Release|Any CPU.ActiveCfg = Release|Any CPU
		{C353A6E2-26E0-4BAC-9D04-5D2AC5CA87F9}.Release|Any CPU.Build.0 = Release|Any CPU
	EndGlobalSection
	GlobalSection(SolutionProperties) = preSolution
		HideSolutionNode = FALSE
	EndGlobalSection
	GlobalSection(ExtensibilityGlobals) = postSolution
		SolutionGuid = {E58243F4-4308-46CE-8467-9F4B7166C289}
	EndGlobalSection
EndGlobal